
Microsoft Visual Studio Solution File, Format Version 12.00
# Visual Studio Version 16
VisualStudioVersion = 16.0.28917.181
MinimumVisualStudioVersion = 10.0.40219.1
Project("{FAE04EC0-301F-11D3-BF4B-00C04F79EFBC}") = "Sistema Parqueo", "Sistema Parqueo\Sistema Parqueo.csproj", "{6EE1B75D-6B7A-493D-804B-0EC6B1C6B490}"
EndProject
Global
	GlobalSection(SolutionConfigurationPlatforms) = preSolution
		Debug|Any CPU = Debug|Any CPU
		Release|Any CPU = Release|Any CPU
	EndGlobalSection
	GlobalSection(ProjectConfigurationPlatforms) = postSolution
		{6EE1B75D-6B7A-493D-804B-0EC6B1C6B490}.Debug|Any CPU.ActiveCfg = Debug|Any CPU
		{6EE1B75D-6B7A-493D-804B-0EC6B1C6B490}.Debug|Any CPU.Build.0 = Debug|Any CPU
		{6EE1B75D-6B7A-493D-804B-0EC6B1C6B490}.Release|Any CPU.ActiveCfg = Release|Any CPU
		{6EE1B75D-6B7A-493D-804B-0EC6B1C6B490}.Release|Any CPU.Build.0 = Release|Any CPU
	EndGlobalSection
	GlobalSection(SolutionProperties) = preSolution
		HideSolutionNode = FALSE
	EndGlobalSection
	GlobalSection(ExtensibilityGlobals) = postSolution
		SolutionGuid = {8989185C-FB90-4517-A48A-802A1FAC7FCF}
	EndGlobalSection
EndGlobal
